// !$*UTF8*$!
{
	archiveVersion = 1;
	classes = {
	};
	objectVersion = 50;
	objects = {

/* Begin PBXBuildFile section */
		FE18656522AECFA50067F9A2 /* ChannelRow.swift in Sources */ = {isa = PBXBuildFile; fileRef = FE18656422AECFA40067F9A2 /* ChannelRow.swift */; };
		FE18656722AED76F0067F9A2 /* ChannelView.swift in Sources */ = {isa = PBXBuildFile; fileRef = FE18656622AED76F0067F9A2 /* ChannelView.swift */; };
		FE1AAD3522A83E2B00222333 /* TwitchApp WatchKit App.app in Embed Watch Content */ = {isa = PBXBuildFile; fileRef = FE1AAD3422A83E2B00222333 /* TwitchApp WatchKit App.app */; settings = {ATTRIBUTES = (RemoveHeadersOnCopy, ); }; };
		FE1AAD3B22A83E2B00222333 /* Interface.storyboard in Resources */ = {isa = PBXBuildFile; fileRef = FE1AAD3922A83E2B00222333 /* Interface.storyboard */; };
		FE1AAD3D22A83E2D00222333 /* Assets.xcassets in Resources */ = {isa = PBXBuildFile; fileRef = FE1AAD3C22A83E2D00222333 /* Assets.xcassets */; };
		FE1AAD4422A83E2D00222333 /* TwitchApp WatchKit Extension.appex in Embed App Extensions */ = {isa = PBXBuildFile; fileRef = FE1AAD4322A83E2D00222333 /* TwitchApp WatchKit Extension.appex */; settings = {ATTRIBUTES = (RemoveHeadersOnCopy, ); }; };
		FE1AAD4922A83E2D00222333 /* ContentView.swift in Sources */ = {isa = PBXBuildFile; fileRef = FE1AAD4822A83E2D00222333 /* ContentView.swift */; };
		FE1AAD4B22A83E2D00222333 /* HostingController.swift in Sources */ = {isa = PBXBuildFile; fileRef = FE1AAD4A22A83E2D00222333 /* HostingController.swift */; };
		FE1AAD4D22A83E2D00222333 /* ExtensionDelegate.swift in Sources */ = {isa = PBXBuildFile; fileRef = FE1AAD4C22A83E2D00222333 /* ExtensionDelegate.swift */; };
		FE1AAD4F22A83E2D00222333 /* NotificationController.swift in Sources */ = {isa = PBXBuildFile; fileRef = FE1AAD4E22A83E2D00222333 /* NotificationController.swift */; };
		FE1AAD5122A83E2D00222333 /* NotificationView.swift in Sources */ = {isa = PBXBuildFile; fileRef = FE1AAD5022A83E2D00222333 /* NotificationView.swift */; };
		FE1AAD5322A83E2E00222333 /* Assets.xcassets in Resources */ = {isa = PBXBuildFile; fileRef = FE1AAD5222A83E2E00222333 /* Assets.xcassets */; };
		FE1AAD5622A83E2E00222333 /* Preview Assets.xcassets in Resources */ = {isa = PBXBuildFile; fileRef = FE1AAD5522A83E2E00222333 /* Preview Assets.xcassets */; };
		FE1AAD6B22AAB05C00222333 /* channelData.json in Resources */ = {isa = PBXBuildFile; fileRef = FE1AAD6A22AAB05C00222333 /* channelData.json */; settings = {ASSET_TAGS = (channelData, ); }; };
		FE1AAD6F22AAB49A00222333 /* Channel.swift in Sources */ = {isa = PBXBuildFile; fileRef = FE1AAD6E22AAB49A00222333 /* Channel.swift */; };
		FE1AAD7122AAB83700222333 /* Data.swift in Sources */ = {isa = PBXBuildFile; fileRef = FE1AAD7022AAB83700222333 /* Data.swift */; };
/* End PBXBuildFile section */

/* Begin PBXContainerItemProxy section */
		FE1AAD3622A83E2B00222333 /* PBXContainerItemProxy */ = {
			isa = PBXContainerItemProxy;
			containerPortal = FE1AAD2A22A83E2B00222333 /* Project object */;
			proxyType = 1;
			remoteGlobalIDString = FE1AAD3322A83E2B00222333;
			remoteInfo = "TwitchApp WatchKit App";
		};
		FE1AAD4522A83E2D00222333 /* PBXContainerItemProxy */ = {
			isa = PBXContainerItemProxy;
			containerPortal = FE1AAD2A22A83E2B00222333 /* Project object */;
			proxyType = 1;
			remoteGlobalIDString = FE1AAD4222A83E2D00222333;
			remoteInfo = "TwitchApp WatchKit Extension";
		};
/* End PBXContainerItemProxy section */

/* Begin PBXCopyFilesBuildPhase section */
		FE1AAD5E22A83E2E00222333 /* Embed App Extensions */ = {
			isa = PBXCopyFilesBuildPhase;
			buildActionMask = 2147483647;
			dstPath = "";
			dstSubfolderSpec = 13;
			files = (
				FE1AAD4422A83E2D00222333 /* TwitchApp WatchKit Extension.appex in Embed App Extensions */,
			);
			name = "Embed App Extensions";
			runOnlyForDeploymentPostprocessing = 0;
		};
		FE1AAD6222A83E2E00222333 /* Embed Watch Content */ = {
			isa = PBXCopyFilesBuildPhase;
			buildActionMask = 2147483647;
			dstPath = "$(CONTENTS_FOLDER_PATH)/Watch";
			dstSubfolderSpec = 16;
			files = (
				FE1AAD3522A83E2B00222333 /* TwitchApp WatchKit App.app in Embed Watch Content */,
			);
			name = "Embed Watch Content";
			runOnlyForDeploymentPostprocessing = 0;
		};
/* End PBXCopyFilesBuildPhase section */

/* Begin PBXFileReference section */
		FE18656422AECFA40067F9A2 /* ChannelRow.swift */ = {isa = PBXFileReference; lastKnownFileType = sourcecode.swift; path = ChannelRow.swift; sourceTree = "<group>"; };
		FE18656622AED76F0067F9A2 /* ChannelView.swift */ = {isa = PBXFileReference; lastKnownFileType = sourcecode.swift; path = ChannelView.swift; sourceTree = "<group>"; };
		FE1AAD3022A83E2B00222333 /* TwitchApp.app */ = {isa = PBXFileReference; explicitFileType = wrapper.application; includeInIndex = 0; path = TwitchApp.app; sourceTree = BUILT_PRODUCTS_DIR; };
		FE1AAD3422A83E2B00222333 /* TwitchApp WatchKit App.app */ = {isa = PBXFileReference; explicitFileType = wrapper.application; includeInIndex = 0; path = "TwitchApp WatchKit App.app"; sourceTree = BUILT_PRODUCTS_DIR; };
		FE1AAD3A22A83E2B00222333 /* Base */ = {isa = PBXFileReference; lastKnownFileType = file.storyboard; name = Base; path = Base.lproj/Interface.storyboard; sourceTree = "<group>"; };
		FE1AAD3C22A83E2D00222333 /* Assets.xcassets */ = {isa = PBXFileReference; lastKnownFileType = folder.assetcatalog; path = Assets.xcassets; sourceTree = "<group>"; };
		FE1AAD3E22A83E2D00222333 /* Info.plist */ = {isa = PBXFileReference; lastKnownFileType = text.plist.xml; path = Info.plist; sourceTree = "<group>"; };
		FE1AAD4322A83E2D00222333 /* TwitchApp WatchKit Extension.appex */ = {isa = PBXFileReference; explicitFileType = "wrapper.app-extension"; includeInIndex = 0; path = "TwitchApp WatchKit Extension.appex"; sourceTree = BUILT_PRODUCTS_DIR; };
		FE1AAD4822A83E2D00222333 /* ContentView.swift */ = {isa = PBXFileReference; lastKnownFileType = sourcecode.swift; path = ContentView.swift; sourceTree = "<group>"; };
		FE1AAD4A22A83E2D00222333 /* HostingController.swift */ = {isa = PBXFileReference; lastKnownFileType = sourcecode.swift; path = HostingController.swift; sourceTree = "<group>"; };
		FE1AAD4C22A83E2D00222333 /* ExtensionDelegate.swift */ = {isa = PBXFileReference; lastKnownFileType = sourcecode.swift; path = ExtensionDelegate.swift; sourceTree = "<group>"; };
		FE1AAD4E22A83E2D00222333 /* NotificationController.swift */ = {isa = PBXFileReference; lastKnownFileType = sourcecode.swift; path = NotificationController.swift; sourceTree = "<group>"; };
		FE1AAD5022A83E2D00222333 /* NotificationView.swift */ = {isa = PBXFileReference; lastKnownFileType = sourcecode.swift; path = NotificationView.swift; sourceTree = "<group>"; };
		FE1AAD5222A83E2E00222333 /* Assets.xcassets */ = {isa = PBXFileReference; lastKnownFileType = folder.assetcatalog; path = Assets.xcassets; sourceTree = "<group>"; };
		FE1AAD5522A83E2E00222333 /* Preview Assets.xcassets */ = {isa = PBXFileReference; lastKnownFileType = folder.assetcatalog; path = "Preview Assets.xcassets"; sourceTree = "<group>"; };
		FE1AAD5722A83E2E00222333 /* Info.plist */ = {isa = PBXFileReference; lastKnownFileType = text.plist.xml; path = Info.plist; sourceTree = "<group>"; };
		FE1AAD5822A83E2E00222333 /* PushNotificationPayload.apns */ = {isa = PBXFileReference; lastKnownFileType = text; path = PushNotificationPayload.apns; sourceTree = "<group>"; };
		FE1AAD6A22AAB05C00222333 /* channelData.json */ = {isa = PBXFileReference; lastKnownFileType = text.json; path = channelData.json; sourceTree = "<group>"; };
		FE1AAD6E22AAB49A00222333 /* Channel.swift */ = {isa = PBXFileReference; lastKnownFileType = sourcecode.swift; path = Channel.swift; sourceTree = "<group>"; };
		FE1AAD7022AAB83700222333 /* Data.swift */ = {isa = PBXFileReference; lastKnownFileType = sourcecode.swift; path = Data.swift; sourceTree = "<group>"; };
/* End PBXFileReference section */

/* Begin PBXFrameworksBuildPhase section */
		FE1AAD4022A83E2D00222333 /* Frameworks */ = {
			isa = PBXFrameworksBuildPhase;
			buildActionMask = 2147483647;
			files = (
			);
			runOnlyForDeploymentPostprocessing = 0;
		};
/* End PBXFrameworksBuildPhase section */

/* Begin PBXGroup section */
		FE1AAD2922A83E2B00222333 = {
			isa = PBXGroup;
			children = (
				FE1AAD3822A83E2B00222333 /* TwitchApp WatchKit App */,
				FE1AAD4722A83E2D00222333 /* TwitchApp WatchKit Extension */,
				FE1AAD3122A83E2B00222333 /* Products */,
			);
			sourceTree = "<group>";
		};
		FE1AAD3122A83E2B00222333 /* Products */ = {
			isa = PBXGroup;
			children = (
				FE1AAD3022A83E2B00222333 /* TwitchApp.app */,
				FE1AAD3422A83E2B00222333 /* TwitchApp WatchKit App.app */,
				FE1AAD4322A83E2D00222333 /* TwitchApp WatchKit Extension.appex */,
			);
			name = Products;
			sourceTree = "<group>";
		};
		FE1AAD3822A83E2B00222333 /* TwitchApp WatchKit App */ = {
			isa = PBXGroup;
			children = (
				FE1AAD3922A83E2B00222333 /* Interface.storyboard */,
				FE1AAD3C22A83E2D00222333 /* Assets.xcassets */,
				FE1AAD3E22A83E2D00222333 /* Info.plist */,
			);
			path = "TwitchApp WatchKit App";
			sourceTree = "<group>";
		};
		FE1AAD4722A83E2D00222333 /* TwitchApp WatchKit Extension */ = {
			isa = PBXGroup;
			children = (
				FE1AAD6922AAB03900222333 /* Models */,
				FE1AAD6822AAB02500222333 /* Resources */,
				FE1AAD4822A83E2D00222333 /* ContentView.swift */,
				FE1AAD4A22A83E2D00222333 /* HostingController.swift */,
				FE1AAD4C22A83E2D00222333 /* ExtensionDelegate.swift */,
				FE1AAD4E22A83E2D00222333 /* NotificationController.swift */,
				FE1AAD5022A83E2D00222333 /* NotificationView.swift */,
				FE1AAD5222A83E2E00222333 /* Assets.xcassets */,
				FE1AAD5722A83E2E00222333 /* Info.plist */,
				FE1AAD5822A83E2E00222333 /* PushNotificationPayload.apns */,
				FE1AAD5422A83E2E00222333 /* Preview Content */,
			);
			path = "TwitchApp WatchKit Extension";
			sourceTree = "<group>";
		};
		FE1AAD5422A83E2E00222333 /* Preview Content */ = {
			isa = PBXGroup;
			children = (
				FE1AAD5522A83E2E00222333 /* Preview Assets.xcassets */,
			);
			path = "Preview Content";
			sourceTree = "<group>";
		};
		FE1AAD6822AAB02500222333 /* Resources */ = {
			isa = PBXGroup;
			children = (
				FE1AAD6A22AAB05C00222333 /* channelData.json */,
			);
			path = Resources;
			sourceTree = "<group>";
		};
		FE1AAD6922AAB03900222333 /* Models */ = {
			isa = PBXGroup;
			children = (
				FE1AAD6E22AAB49A00222333 /* Channel.swift */,
				FE1AAD7022AAB83700222333 /* Data.swift */,
				FE18656422AECFA40067F9A2 /* ChannelRow.swift */,
				FE18656622AED76F0067F9A2 /* ChannelView.swift */,
			);
			path = Models;
			sourceTree = "<group>";
		};
/* End PBXGroup section */

/* Begin PBXNativeTarget section */
		FE1AAD2F22A83E2B00222333 /* TwitchApp */ = {
			isa = PBXNativeTarget;
			buildConfigurationList = FE1AAD6322A83E2E00222333 /* Build configuration list for PBXNativeTarget "TwitchApp" */;
			buildPhases = (
				FE1AAD2E22A83E2B00222333 /* Resources */,
				FE1AAD6222A83E2E00222333 /* Embed Watch Content */,
			);
			buildRules = (
			);
			dependencies = (
				FE1AAD3722A83E2B00222333 /* PBXTargetDependency */,
			);
			name = TwitchApp;
			productName = TwitchApp;
			productReference = FE1AAD3022A83E2B00222333 /* TwitchApp.app */;
			productType = "com.apple.product-type.application.watchapp2-container";
		};
		FE1AAD3322A83E2B00222333 /* TwitchApp WatchKit App */ = {
			isa = PBXNativeTarget;
			buildConfigurationList = FE1AAD5F22A83E2E00222333 /* Build configuration list for PBXNativeTarget "TwitchApp WatchKit App" */;
			buildPhases = (
				FE1AAD3222A83E2B00222333 /* Resources */,
				FE1AAD5E22A83E2E00222333 /* Embed App Extensions */,
			);
			buildRules = (
			);
			dependencies = (
				FE1AAD4622A83E2D00222333 /* PBXTargetDependency */,
			);
			name = "TwitchApp WatchKit App";
			productName = "TwitchApp WatchKit App";
			productReference = FE1AAD3422A83E2B00222333 /* TwitchApp WatchKit App.app */;
			productType = "com.apple.product-type.application.watchapp2";
		};
		FE1AAD4222A83E2D00222333 /* TwitchApp WatchKit Extension */ = {
			isa = PBXNativeTarget;
			buildConfigurationList = FE1AAD5B22A83E2E00222333 /* Build configuration list for PBXNativeTarget "TwitchApp WatchKit Extension" */;
			buildPhases = (
				FE1AAD3F22A83E2D00222333 /* Sources */,
				FE1AAD4022A83E2D00222333 /* Frameworks */,
				FE1AAD4122A83E2D00222333 /* Resources */,
			);
			buildRules = (
			);
			dependencies = (
			);
			name = "TwitchApp WatchKit Extension";
			productName = "TwitchApp WatchKit Extension";
			productReference = FE1AAD4322A83E2D00222333 /* TwitchApp WatchKit Extension.appex */;
			productType = "com.apple.product-type.watchkit2-extension";
		};
/* End PBXNativeTarget section */

/* Begin PBXProject section */
		FE1AAD2A22A83E2B00222333 /* Project object */ = {
			isa = PBXProject;
			attributes = {
				KnownAssetTags = (
					channelData,
				);
				LastSwiftUpdateCheck = 1100;
				LastUpgradeCheck = 1100;
				ORGANIZATIONNAME = "Gregory Ganley";
				TargetAttributes = {
					FE1AAD2F22A83E2B00222333 = {
						CreatedOnToolsVersion = 11.0;
					};
					FE1AAD3322A83E2B00222333 = {
						CreatedOnToolsVersion = 11.0;
					};
					FE1AAD4222A83E2D00222333 = {
						CreatedOnToolsVersion = 11.0;
					};
				};
			};
			buildConfigurationList = FE1AAD2D22A83E2B00222333 /* Build configuration list for PBXProject "TwitchApp" */;
			compatibilityVersion = "Xcode 9.3";
			developmentRegion = en;
			hasScannedForEncodings = 0;
			knownRegions = (
				en,
				Base,
			);
			mainGroup = FE1AAD2922A83E2B00222333;
			productRefGroup = FE1AAD3122A83E2B00222333 /* Products */;
			projectDirPath = "";
			projectRoot = "";
			targets = (
				FE1AAD2F22A83E2B00222333 /* TwitchApp */,
				FE1AAD3322A83E2B00222333 /* TwitchApp WatchKit App */,
				FE1AAD4222A83E2D00222333 /* TwitchApp WatchKit Extension */,
			);
		};
/* End PBXProject section */

/* Begin PBXResourcesBuildPhase section */
		FE1AAD2E22A83E2B00222333 /* Resources */ = {
			isa = PBXResourcesBuildPhase;
			buildActionMask = 2147483647;
			files = (
			);
			runOnlyForDeploymentPostprocessing = 0;
		};
		FE1AAD3222A83E2B00222333 /* Resources */ = {
			isa = PBXResourcesBuildPhase;
			buildActionMask = 2147483647;
			files = (
				FE1AAD3D22A83E2D00222333 /* Assets.xcassets in Resources */,
				FE1AAD3B22A83E2B00222333 /* Interface.storyboard in Resources */,
			);
			runOnlyForDeploymentPostprocessing = 0;
		};
		FE1AAD4122A83E2D00222333 /* Resources */ = {
			isa = PBXResourcesBuildPhase;
			buildActionMask = 2147483647;
			files = (
				FE1AAD5622A83E2E00222333 /* Preview Assets.xcassets in Resources */,
				FE1AAD5322A83E2E00222333 /* Assets.xcassets in Resources */,
				FE1AAD6B22AAB05C00222333 /* channelData.json in Resources */,
			);
			runOnlyForDeploymentPostprocessing = 0;
		};
/* End PBXResourcesBuildPhase section */

/* Begin PBXSourcesBuildPhase section */
		FE1AAD3F22A83E2D00222333 /* Sources */ = {
			isa = PBXSourcesBuildPhase;
			buildActionMask = 2147483647;
			files = (
				FE1AAD6F22AAB49A00222333 /* Channel.swift in Sources */,
				FE1AAD4B22A83E2D00222333 /* HostingController.swift in Sources */,
				FE1AAD4922A83E2D00222333 /* ContentView.swift in Sources */,
				FE18656722AED76F0067F9A2 /* ChannelView.swift in Sources */,
				FE1AAD4F22A83E2D00222333 /* NotificationController.swift in Sources */,
				FE18656522AECFA50067F9A2 /* ChannelRow.swift in Sources */,
				FE1AAD4D22A83E2D00222333 /* ExtensionDelegate.swift in Sources */,
				FE1AAD5122A83E2D00222333 /* NotificationView.swift in Sources */,
				FE1AAD7122AAB83700222333 /* Data.swift in Sources */,
			);
			runOnlyForDeploymentPostprocessing = 0;
		};
/* End PBXSourcesBuildPhase section */

/* Begin PBXTargetDependency section */
		FE1AAD3722A83E2B00222333 /* PBXTargetDependency */ = {
			isa = PBXTargetDependency;
			target = FE1AAD3322A83E2B00222333 /* TwitchApp WatchKit App */;
			targetProxy = FE1AAD3622A83E2B00222333 /* PBXContainerItemProxy */;
		};
		FE1AAD4622A83E2D00222333 /* PBXTargetDependency */ = {
			isa = PBXTargetDependency;
			target = FE1AAD4222A83E2D00222333 /* TwitchApp WatchKit Extension */;
			targetProxy = FE1AAD4522A83E2D00222333 /* PBXContainerItemProxy */;
		};
/* End PBXTargetDependency section */

/* Begin PBXVariantGroup section */
		FE1AAD3922A83E2B00222333 /* Interface.storyboard */ = {
			isa = PBXVariantGroup;
			children = (
				FE1AAD3A22A83E2B00222333 /* Base */,
			);
			name = Interface.storyboard;
			sourceTree = "<group>";
		};
/* End PBXVariantGroup section */

/* Begin XCBuildConfiguration section */
		FE1AAD5922A83E2E00222333 /* Debug */ = {
			isa = XCBuildConfiguration;
			buildSettings = {
				ALWAYS_SEARCH_USER_PATHS = NO;
				CLANG_ANALYZER_NONNULL = YES;
				CLANG_ANALYZER_NUMBER_OBJECT_CONVERSION = YES_AGGRESSIVE;
				CLANG_CXX_LANGUAGE_STANDARD = "gnu++14";
				CLANG_CXX_LIBRARY = "libc++";
				CLANG_ENABLE_MODULES = YES;
				CLANG_ENABLE_OBJC_ARC = YES;
				CLANG_ENABLE_OBJC_WEAK = YES;
				CLANG_WARN_BLOCK_CAPTURE_AUTORELEASING = YES;
				CLANG_WARN_BOOL_CONVERSION = YES;
				CLANG_WARN_COMMA = YES;
				CLANG_WARN_CONSTANT_CONVERSION = YES;
				CLANG_WARN_DEPRECATED_OBJC_IMPLEMENTATIONS = YES;
				CLANG_WARN_DIRECT_OBJC_ISA_USAGE = YES_ERROR;
				CLANG_WARN_DOCUMENTATION_COMMENTS = YES;
				CLANG_WARN_EMPTY_BODY = YES;
				CLANG_WARN_ENUM_CONVERSION = YES;
				CLANG_WARN_INFINITE_RECURSION = YES;
				CLANG_WARN_INT_CONVERSION = YES;
				CLANG_WARN_NON_LITERAL_NULL_CONVERSION = YES;
				CLANG_WARN_OBJC_IMPLICIT_RETAIN_SELF = YES;
				CLANG_WARN_OBJC_LITERAL_CONVERSION = YES;
				CLANG_WARN_OBJC_ROOT_CLASS = YES_ERROR;
				CLANG_WARN_RANGE_LOOP_ANALYSIS = YES;
				CLANG_WARN_STRICT_PROTOTYPES = YES;
				CLANG_WARN_SUSPICIOUS_MOVE = YES;
				CLANG_WARN_UNGUARDED_AVAILABILITY = YES_AGGRESSIVE;
				CLANG_WARN_UNREACHABLE_CODE = YES;
				CLANG_WARN__DUPLICATE_METHOD_MATCH = YES;
				COPY_PHASE_STRIP = NO;
				DEBUG_INFORMATION_FORMAT = dwarf;
				ENABLE_STRICT_OBJC_MSGSEND = YES;
				ENABLE_TESTABILITY = YES;
				GCC_C_LANGUAGE_STANDARD = gnu11;
				GCC_DYNAMIC_NO_PIC = NO;
				GCC_NO_COMMON_BLOCKS = YES;
				GCC_OPTIMIZATION_LEVEL = 0;
				GCC_PREPROCESSOR_DEFINITIONS = (
					"DEBUG=1",
					"$(inherited)",
				);
				GCC_WARN_64_TO_32_BIT_CONVERSION = YES;
				GCC_WARN_ABOUT_RETURN_TYPE = YES_ERROR;
				GCC_WARN_UNDECLARED_SELECTOR = YES;
				GCC_WARN_UNINITIALIZED_AUTOS = YES_AGGRESSIVE;
				GCC_WARN_UNUSED_FUNCTION = YES;
				GCC_WARN_UNUSED_VARIABLE = YES;
				MTL_ENABLE_DEBUG_INFO = INCLUDE_SOURCE;
				MTL_FAST_MATH = YES;
				ONLY_ACTIVE_ARCH = YES;
				SDKROOT = iphoneos;
				SWIFT_ACTIVE_COMPILATION_CONDITIONS = DEBUG;
				SWIFT_OPTIMIZATION_LEVEL = "-Onone";
			};
			name = Debug;
		};
		FE1AAD5A22A83E2E00222333 /* Release */ = {
			isa = XCBuildConfiguration;
			buildSettings = {
				ALWAYS_SEARCH_USER_PATHS = NO;
				CLANG_ANALYZER_NONNULL = YES;
				CLANG_ANALYZER_NUMBER_OBJECT_CONVERSION = YES_AGGRESSIVE;
				CLANG_CXX_LANGUAGE_STANDARD = "gnu++14";
				CLANG_CXX_LIBRARY = "libc++";
				CLANG_ENABLE_MODULES = YES;
				CLANG_ENABLE_OBJC_ARC = YES;
				CLANG_ENABLE_OBJC_WEAK = YES;
				CLANG_WARN_BLOCK_CAPTURE_AUTORELEASING = YES;
				CLANG_WARN_BOOL_CONVERSION = YES;
				CLANG_WARN_COMMA = YES;
				CLANG_WARN_CONSTANT_CONVERSION = YES;
				CLANG_WARN_DEPRECATED_OBJC_IMPLEMENTATIONS = YES;
				CLANG_WARN_DIRECT_OBJC_ISA_USAGE = YES_ERROR;
				CLANG_WARN_DOCUMENTATION_COMMENTS = YES;
				CLANG_WARN_EMPTY_BODY = YES;
				CLANG_WARN_ENUM_CONVERSION = YES;
				CLANG_WARN_INFINITE_RECURSION = YES;
				CLANG_WARN_INT_CONVERSION = YES;
				CLANG_WARN_NON_LITERAL_NULL_CONVERSION = YES;
				CLANG_WARN_OBJC_IMPLICIT_RETAIN_SELF = YES;
				CLANG_WARN_OBJC_LITERAL_CONVERSION = YES;
				CLANG_WARN_OBJC_ROOT_CLASS = YES_ERROR;
				CLANG_WARN_RANGE_LOOP_ANALYSIS = YES;
				CLANG_WARN_STRICT_PROTOTYPES = YES;
				CLANG_WARN_SUSPICIOUS_MOVE = YES;
				CLANG_WARN_UNGUARDED_AVAILABILITY = YES_AGGRESSIVE;
				CLANG_WARN_UNREACHABLE_CODE = YES;
				CLANG_WARN__DUPLICATE_METHOD_MATCH = YES;
				COPY_PHASE_STRIP = NO;
				DEBUG_INFORMATION_FORMAT = "dwarf-with-dsym";
				ENABLE_NS_ASSERTIONS = NO;
				ENABLE_STRICT_OBJC_MSGSEND = YES;
				GCC_C_LANGUAGE_STANDARD = gnu11;
				GCC_NO_COMMON_BLOCKS = YES;
				GCC_WARN_64_TO_32_BIT_CONVERSION = YES;
				GCC_WARN_ABOUT_RETURN_TYPE = YES_ERROR;
				GCC_WARN_UNDECLARED_SELECTOR = YES;
				GCC_WARN_UNINITIALIZED_AUTOS = YES_AGGRESSIVE;
				GCC_WARN_UNUSED_FUNCTION = YES;
				GCC_WARN_UNUSED_VARIABLE = YES;
				MTL_ENABLE_DEBUG_INFO = NO;
				MTL_FAST_MATH = YES;
				SDKROOT = iphoneos;
				SWIFT_COMPILATION_MODE = wholemodule;
				SWIFT_OPTIMIZATION_LEVEL = "-O";
				VALIDATE_PRODUCT = YES;
			};
			name = Release;
		};
		FE1AAD5C22A83E2E00222333 /* Debug */ = {
			isa = XCBuildConfiguration;
			buildSettings = {
				ASSETCATALOG_COMPILER_COMPLICATION_NAME = Complication;
				CODE_SIGN_STYLE = Automatic;
				DEVELOPMENT_ASSET_PATHS = "\"TwitchApp WatchKit Extension\"/Preview\\ Content";
				DEVELOPMENT_TEAM = HUW485XG6L;
				ENABLE_PREVIEWS = YES;
				INFOPLIST_FILE = "TwitchApp WatchKit Extension/Info.plist";
				LD_RUNPATH_SEARCH_PATHS = (
					"$(inherited)",
					"@executable_path/Frameworks",
					"@executable_path/../../Frameworks",
				);
				PRODUCT_BUNDLE_IDENTIFIER = gganley.TwitchApp.watchkitapp.watchkitextension;
				PRODUCT_NAME = "${TARGET_NAME}";
				SDKROOT = watchos;
				SKIP_INSTALL = YES;
				SWIFT_VERSION = 5.0;
				TARGETED_DEVICE_FAMILY = 4;
				WATCHOS_DEPLOYMENT_TARGET = 6.0;
			};
			name = Debug;
		};
		FE1AAD5D22A83E2E00222333 /* Release */ = {
			isa = XCBuildConfiguration;
			buildSettings = {
				ASSETCATALOG_COMPILER_COMPLICATION_NAME = Complication;
				CODE_SIGN_STYLE = Automatic;
				DEVELOPMENT_ASSET_PATHS = "\"TwitchApp WatchKit Extension\"/Preview\\ Content";
				DEVELOPMENT_TEAM = HUW485XG6L;
				ENABLE_PREVIEWS = YES;
				INFOPLIST_FILE = "TwitchApp WatchKit Extension/Info.plist";
				LD_RUNPATH_SEARCH_PATHS = (
					"$(inherited)",
					"@executable_path/Frameworks",
					"@executable_path/../../Frameworks",
				);
				PRODUCT_BUNDLE_IDENTIFIER = gganley.TwitchApp.watchkitapp.watchkitextension;
				PRODUCT_NAME = "${TARGET_NAME}";
				SDKROOT = watchos;
				SKIP_INSTALL = YES;
				SWIFT_VERSION = 5.0;
				TARGETED_DEVICE_FAMILY = 4;
				WATCHOS_DEPLOYMENT_TARGET = 6.0;
			};
			name = Release;
		};
		FE1AAD6022A83E2E00222333 /* Debug */ = {
			isa = XCBuildConfiguration;
			buildSettings = {
				ALWAYS_EMBED_SWIFT_STANDARD_LIBRARIES = YES;
				ASSETCATALOG_COMPILER_APPICON_NAME = AppIcon;
				CODE_SIGN_STYLE = Automatic;
				DEVELOPMENT_TEAM = HUW485XG6L;
				IBSC_MODULE = TwitchApp_WatchKit_Extension;
				INFOPLIST_FILE = "TwitchApp WatchKit App/Info.plist";
				PRODUCT_BUNDLE_IDENTIFIER = gganley.TwitchApp.watchkitapp;
				PRODUCT_NAME = "$(TARGET_NAME)";
				SDKROOT = watchos;
				SKIP_INSTALL = YES;
				SWIFT_VERSION = 5.0;
				TARGETED_DEVICE_FAMILY = 4;
				WATCHOS_DEPLOYMENT_TARGET = 6.0;
			};
			name = Debug;
		};
		FE1AAD6122A83E2E00222333 /* Release */ = {
			isa = XCBuildConfiguration;
			buildSettings = {
				ALWAYS_EMBED_SWIFT_STANDARD_LIBRARIES = YES;
				ASSETCATALOG_COMPILER_APPICON_NAME = AppIcon;
				CODE_SIGN_STYLE = Automatic;
				DEVELOPMENT_TEAM = HUW485XG6L;
				IBSC_MODULE = TwitchApp_WatchKit_Extension;
				INFOPLIST_FILE = "TwitchApp WatchKit App/Info.plist";
				PRODUCT_BUNDLE_IDENTIFIER = gganley.TwitchApp.watchkitapp;
				PRODUCT_NAME = "$(TARGET_NAME)";
				SDKROOT = watchos;
				SKIP_INSTALL = YES;
				SWIFT_VERSION = 5.0;
				TARGETED_DEVICE_FAMILY = 4;
				WATCHOS_DEPLOYMENT_TARGET = 6.0;
			};
			name = Release;
		};
		FE1AAD6422A83E2E00222333 /* Debug */ = {
			isa = XCBuildConfiguration;
			buildSettings = {
				CODE_SIGN_STYLE = Automatic;
				CURRENT_PROJECT_VERSION = 1;
				DEVELOPMENT_TEAM = HUW485XG6L;
				MARKETING_VERSION = 1.0;
				PRODUCT_BUNDLE_IDENTIFIER = gganley.TwitchApp;
				PRODUCT_NAME = "$(TARGET_NAME)";
				SWIFT_VERSION = 5.0;
			};
			name = Debug;
		};
		FE1AAD6522A83E2E00222333 /* Release */ = {
			isa = XCBuildConfiguration;
			buildSettings = {
				CODE_SIGN_STYLE = Automatic;
				CURRENT_PROJECT_VERSION = 1;
				DEVELOPMENT_TEAM = HUW485XG6L;
				MARKETING_VERSION = 1.0;
				PRODUCT_BUNDLE_IDENTIFIER = gganley.TwitchApp;
				PRODUCT_NAME = "$(TARGET_NAME)";
				SWIFT_VERSION = 5.0;
			};
			name = Release;
		};
/* End XCBuildConfiguration section */

/* Begin XCConfigurationList section */
		FE1AAD2D22A83E2B00222333 /* Build configuration list for PBXProject "TwitchApp" */ = {
			isa = XCConfigurationList;
			buildConfigurations = (
				FE1AAD5922A83E2E00222333 /* Debug */,
				FE1AAD5A22A83E2E00222333 /* Release */,
			);
			defaultConfigurationIsVisible = 0;
			defaultConfigurationName = Release;
		};
		FE1AAD5B22A83E2E00222333 /* Build configuration list for PBXNativeTarget "TwitchApp WatchKit Extension" */ = {
			isa = XCConfigurationList;
			buildConfigurations = (
				FE1AAD5C22A83E2E00222333 /* Debug */,
				FE1AAD5D22A83E2E00222333 /* Release */,
			);
			defaultConfigurationIsVisible = 0;
			defaultConfigurationName = Release;
		};
		FE1AAD5F22A83E2E00222333 /* Build configuration list for PBXNativeTarget "TwitchApp WatchKit App" */ = {
			isa = XCConfigurationList;
			buildConfigurations = (
				FE1AAD6022A83E2E00222333 /* Debug */,
				FE1AAD6122A83E2E00222333 /* Release */,
			);
			defaultConfigurationIsVisible = 0;
			defaultConfigurationName = Release;
		};
		FE1AAD6322A83E2E00222333 /* Build configuration list for PBXNativeTarget "TwitchApp" */ = {
			isa = XCConfigurationList;
			buildConfigurations = (
				FE1AAD6422A83E2E00222333 /* Debug */,
				FE1AAD6522A83E2E00222333 /* Release */,
			);
			defaultConfigurationIsVisible = 0;
			defaultConfigurationName = Release;
		};
/* End XCConfigurationList section */
	};
	rootObject = FE1AAD2A22A83E2B00222333 /* Project object */;
}
